***REMOVED***
  "nodes": ***REMOVED***
    "home-manager": ***REMOVED***
      "inputs": ***REMOVED***
        "nixpkgs": [
          "nixpkgs"
        ]
      ***REMOVED***,
      "locked": ***REMOVED***
        "lastModified": 1718243258,
        "narHash": "sha256-abBpj2VU8p6qlRzTU8o22q68MmOaZ4v8zZ4UlYl5YRU=",
        "owner": "nix-community",
        "repo": "home-manager",
        "rev": "8d5e27b4807d25308dfe369d5a923d87e7dbfda3",
        "type": "github"
      ***REMOVED***,
      "original": ***REMOVED***
        "owner": "nix-community",
        "repo": "home-manager",
        "type": "github"
      ***REMOVED***
    ***REMOVED***,
    "nix-unstable": ***REMOVED***
      "locked": ***REMOVED***
        "lastModified": 1718318537,
        "narHash": "sha256-4Zu0RYRcAY/VWuu6awwq4opuiD//ahpc2aFHg2CWqFY=",
        "owner": "nixos",
        "repo": "nixpkgs",
        "rev": "e9ee548d90ff586a6471b4ae80ae9cfcbceb3420",
        "type": "github"
      ***REMOVED***,
      "original": ***REMOVED***
        "owner": "nixos",
        "ref": "nixos-unstable",
        "repo": "nixpkgs",
        "type": "github"
      ***REMOVED***
    ***REMOVED***,
    "nixpkgs": ***REMOVED***
      "locked": ***REMOVED***
        "lastModified": 1718208800,
        "narHash": "sha256-US1tAChvPxT52RV8GksWZS415tTS7PV42KTc2PNDBmc=",
        "owner": "nixos",
        "repo": "nixpkgs",
        "rev": "cc54fb41d13736e92229c21627ea4f22199fee6b",
        "type": "github"
      ***REMOVED***,
      "original": ***REMOVED***
        "owner": "nixos",
        "ref": "nixos-24.05",
        "repo": "nixpkgs",
        "type": "github"
      ***REMOVED***
    ***REMOVED***,
    "root": ***REMOVED***
      "inputs": ***REMOVED***
        "home-manager": "home-manager",
        "nix-unstable": "nix-unstable",
        "nixpkgs": "nixpkgs"
      ***REMOVED***
    ***REMOVED***
  ***REMOVED***,
  "root": "root",
  "version": 7
***REMOVED***
